
Microsoft Visual Studio Solution File, Format Version 12.00
Project("{FAE04EC0-301F-11D3-BF4B-00C04F79EFBC}") = "LearningPlatformWebAPI", "LearningPlatformWebAPI\LearningPlatformWebAPI.csproj", "{0BA8044D-4D86-4F3A-B523-4C8565CD37EA}"
EndProject
Global
	GlobalSection(SolutionConfigurationPlatforms) = preSolution
		Debug|Any CPU = Debug|Any CPU
		Release|Any CPU = Release|Any CPU
	EndGlobalSection
	GlobalSection(ProjectConfigurationPlatforms) = postSolution
		{0BA8044D-4D86-4F3A-B523-4C8565CD37EA}.Debug|Any CPU.ActiveCfg = Debug|Any CPU
		{0BA8044D-4D86-4F3A-B523-4C8565CD37EA}.Debug|Any CPU.Build.0 = Debug|Any CPU
		{0BA8044D-4D86-4F3A-B523-4C8565CD37EA}.Release|Any CPU.ActiveCfg = Release|Any CPU
		{0BA8044D-4D86-4F3A-B523-4C8565CD37EA}.Release|Any CPU.Build.0 = Release|Any CPU
	EndGlobalSection
EndGlobal
